
Microsoft Visual Studio Solution File, Format Version 12.00
# Visual Studio 15
VisualStudioVersion = 15.0.28010.2046
MinimumVisualStudioVersion = 10.0.40219.1
Project("{FAE04EC0-301F-11D3-BF4B-00C04F79EFBC}") = "Example_InfusionTherapy", "DosageDomainModel\Example_InfusionTherapy.csproj", "{84E9C32A-CF29-4F15-B6E7-A9136506A83E}"
EndProject
Project("{FAE04EC0-301F-11D3-BF4B-00C04F79EFBC}") = "Example_UI", "WindowsFormsApp1\Example_UI.csproj", "{C34C6E4D-3FDD-4D0F-B7EC-05ECB8DA6601}"
EndProject
Project("{FAE04EC0-301F-11D3-BF4B-00C04F79EFBC}") = "RIvarX", "RIvarX\RIvarX.csproj", "{92B8945D-E615-48AF-8D66-628210C29D41}"
EndProject
Global
	GlobalSection(SolutionConfigurationPlatforms) = preSolution
		Debug|Any CPU = Debug|Any CPU
		Release|Any CPU = Release|Any CPU
	EndGlobalSection
	GlobalSection(ProjectConfigurationPlatforms) = postSolution
		{84E9C32A-CF29-4F15-B6E7-A9136506A83E}.Debug|Any CPU.ActiveCfg = Debug|Any CPU
		{84E9C32A-CF29-4F15-B6E7-A9136506A83E}.Debug|Any CPU.Build.0 = Debug|Any CPU
		{84E9C32A-CF29-4F15-B6E7-A9136506A83E}.Release|Any CPU.ActiveCfg = Release|Any CPU
		{84E9C32A-CF29-4F15-B6E7-A9136506A83E}.Release|Any CPU.Build.0 = Release|Any CPU
		{C34C6E4D-3FDD-4D0F-B7EC-05ECB8DA6601}.Debug|Any CPU.ActiveCfg = Debug|Any CPU
		{C34C6E4D-3FDD-4D0F-B7EC-05ECB8DA6601}.Debug|Any CPU.Build.0 = Debug|Any CPU
		{C34C6E4D-3FDD-4D0F-B7EC-05ECB8DA6601}.Release|Any CPU.ActiveCfg = Release|Any CPU
		{C34C6E4D-3FDD-4D0F-B7EC-05ECB8DA6601}.Release|Any CPU.Build.0 = Release|Any CPU
		{92B8945D-E615-48AF-8D66-628210C29D41}.Debug|Any CPU.ActiveCfg = Debug|Any CPU
		{92B8945D-E615-48AF-8D66-628210C29D41}.Debug|Any CPU.Build.0 = Debug|Any CPU
		{92B8945D-E615-48AF-8D66-628210C29D41}.Release|Any CPU.ActiveCfg = Release|Any CPU
		{92B8945D-E615-48AF-8D66-628210C29D41}.Release|Any CPU.Build.0 = Release|Any CPU
	EndGlobalSection
	GlobalSection(SolutionProperties) = preSolution
		HideSolutionNode = FALSE
	EndGlobalSection
	GlobalSection(ExtensibilityGlobals) = postSolution
		SolutionGuid = {020B3B85-FBDC-464C-AD89-B2DA19C7CFFD}
	EndGlobalSection
EndGlobal
